
Microsoft Visual Studio Solution File, Format Version 12.00
# Visual Studio Version 16
VisualStudioVersion = 16.0.29806.167
MinimumVisualStudioVersion = 15.0.26124.0
Project("{9A19103F-16F7-4668-BE54-9A1E7A4F7556}") = "SignalRApp", "SignalRApp\SignalRApp.csproj", "{B0C4CC20-5457-479D-95A7-1837D019635B}"
EndProject
Project("{9A19103F-16F7-4668-BE54-9A1E7A4F7556}") = "SignalRSharp", "SignalRSharp\SignalRSharp.csproj", "{7FCB9F3B-588F-442A-A230-5D196EDB2277}"
EndProject
Project("{2150E333-8FDC-42A3-9474-1A3956D46DE8}") = "Solution Items", "Solution Items", "{649B9CD9-8EC2-441E-BE0A-ECCC8A24B831}"
	ProjectSection(SolutionItems) = preProject
		LICENSE.md = LICENSE.md
		push.cmd = push.cmd
	EndProjectSection
EndProject
Global
	GlobalSection(SolutionConfigurationPlatforms) = preSolution
		Debug|Any CPU = Debug|Any CPU
		Debug|x64 = Debug|x64
		Debug|x86 = Debug|x86
		Release|Any CPU = Release|Any CPU
		Release|x64 = Release|x64
		Release|x86 = Release|x86
	EndGlobalSection
	GlobalSection(ProjectConfigurationPlatforms) = postSolution
		{B0C4CC20-5457-479D-95A7-1837D019635B}.Debug|Any CPU.ActiveCfg = Debug|Any CPU
		{B0C4CC20-5457-479D-95A7-1837D019635B}.Debug|Any CPU.Build.0 = Debug|Any CPU
		{B0C4CC20-5457-479D-95A7-1837D019635B}.Debug|x64.ActiveCfg = Debug|Any CPU
		{B0C4CC20-5457-479D-95A7-1837D019635B}.Debug|x64.Build.0 = Debug|Any CPU
		{B0C4CC20-5457-479D-95A7-1837D019635B}.Debug|x86.ActiveCfg = Debug|Any CPU
		{B0C4CC20-5457-479D-95A7-1837D019635B}.Debug|x86.Build.0 = Debug|Any CPU
		{B0C4CC20-5457-479D-95A7-1837D019635B}.Release|Any CPU.ActiveCfg = Release|Any CPU
		{B0C4CC20-5457-479D-95A7-1837D019635B}.Release|Any CPU.Build.0 = Release|Any CPU
		{B0C4CC20-5457-479D-95A7-1837D019635B}.Release|x64.ActiveCfg = Release|Any CPU
		{B0C4CC20-5457-479D-95A7-1837D019635B}.Release|x64.Build.0 = Release|Any CPU
		{B0C4CC20-5457-479D-95A7-1837D019635B}.Release|x86.ActiveCfg = Release|Any CPU
		{B0C4CC20-5457-479D-95A7-1837D019635B}.Release|x86.Build.0 = Release|Any CPU
		{7FCB9F3B-588F-442A-A230-5D196EDB2277}.Debug|Any CPU.ActiveCfg = Debug|Any CPU
		{7FCB9F3B-588F-442A-A230-5D196EDB2277}.Debug|Any CPU.Build.0 = Debug|Any CPU
		{7FCB9F3B-588F-442A-A230-5D196EDB2277}.Debug|x64.ActiveCfg = Debug|Any CPU
		{7FCB9F3B-588F-442A-A230-5D196EDB2277}.Debug|x64.Build.0 = Debug|Any CPU
		{7FCB9F3B-588F-442A-A230-5D196EDB2277}.Debug|x86.ActiveCfg = Debug|Any CPU
		{7FCB9F3B-588F-442A-A230-5D196EDB2277}.Debug|x86.Build.0 = Debug|Any CPU
		{7FCB9F3B-588F-442A-A230-5D196EDB2277}.Release|Any CPU.ActiveCfg = Release|Any CPU
		{7FCB9F3B-588F-442A-A230-5D196EDB2277}.Release|Any CPU.Build.0 = Release|Any CPU
		{7FCB9F3B-588F-442A-A230-5D196EDB2277}.Release|x64.ActiveCfg = Release|Any CPU
		{7FCB9F3B-588F-442A-A230-5D196EDB2277}.Release|x64.Build.0 = Release|Any CPU
		{7FCB9F3B-588F-442A-A230-5D196EDB2277}.Release|x86.ActiveCfg = Release|Any CPU
		{7FCB9F3B-588F-442A-A230-5D196EDB2277}.Release|x86.Build.0 = Release|Any CPU
	EndGlobalSection
	GlobalSection(SolutionProperties) = preSolution
		HideSolutionNode = FALSE
	EndGlobalSection
	GlobalSection(ExtensibilityGlobals) = postSolution
		SolutionGuid = {2E7D7306-5009-4DE7-8AC2-FB1C2C0FDC66}
	EndGlobalSection
EndGlobal
